# This file is automatically @generated by Cargo.
# It is not intended for manual editing.
version = 4

[[package]]
name = "vyges-extract"
version = "0.1.2"
dependencies = [
 "vyges-layout",
 "vyges-loom",
]

[[package]]
name = "vyges-geom"
version = "0.1.0"
source = "git+https://github.com/vyges-tools/geom?branch=main#7d8ec5d00f84d936d883d0dd6f79b3d43d84730e"

[[package]]
name = "vyges-layout"
version = "0.0.1"
source = "git+https://github.com/vyges-tools/layout?branch=main#29556aebf803f48ec7cb2961aebc9b3a1406199b"
dependencies = [
 "vyges-geom",
]

[[package]]
name = "vyges-loom"
version = "0.0.1"
source = "git+https://github.com/vyges-tools/loom?branch=main#e6c1dc77643f7b5743676b024058d30ccecdf63d"
