# This file is automatically @generated by Cargo.
# It is not intended for manual editing.
version = 4

[[package]]
name = "vyges-extract"
version = "0.1.0"
dependencies = [
 "vyges-layout",
 "vyges-loom",
]

[[package]]
name = "vyges-layout"
version = "0.0.1"
source = "git+https://github.com/vyges-tools/layout?tag=v0.1.0#ed86a8cd5c58865934e2c848c4d5d635ea9e6a24"

[[package]]
name = "vyges-loom"
version = "0.0.1"
source = "git+https://github.com/vyges-tools/loom?tag=v0.1.0#6d2affdc3830b1e7748973a2d675804c453ebac4"
